
Microsoft Visual Studio Solution File, Format Version 12.00
# Visual Studio Version 16
VisualStudioVersion = 16.0.29403.142
MinimumVisualStudioVersion = 10.0.40219.1
Project("{2150E333-8FDC-42A3-9474-1A3956D46DE8}") = "Apps-Comon", "Apps-Comon", "{DD81E818-B481-47F3-9872-8D000AE4D73C}"
EndProject
Project("{2150E333-8FDC-42A3-9474-1A3956D46DE8}") = "Apps-Morejee", "Apps-Morejee", "{404ACA85-34D1-4175-9055-F7BC105DEC23}"
EndProject
Project("{9A19103F-16F7-4668-BE54-9A1E7A4F7556}") = "Gateway.API", "src\apps-common\Gateway.API\Gateway.API.csproj", "{7EFE6DF3-3795-45EB-9402-6814371BE0E0}"
EndProject
Project("{9A19103F-16F7-4668-BE54-9A1E7A4F7556}") = "ApiModel", "src\apps-morejee\ApiModel\ApiModel.csproj", "{E4CA1364-7D00-4C6F-8ECB-0B800FCA31DA}"
EndProject
Project("{9A19103F-16F7-4668-BE54-9A1E7A4F7556}") = "ApiServer", "src\apps-morejee\ApiServer\ApiServer.csproj", "{804417C3-2774-4A48-9E89-2DA72F9F7A6C}"
EndProject
Project("{9A19103F-16F7-4668-BE54-9A1E7A4F7556}") = "BambooCommon", "src\apps-morejee\BambooCommon\BambooCommon.csproj", "{A4F37939-5A6B-468D-9EF6-D255CFA0477D}"
EndProject
Project("{9A19103F-16F7-4668-BE54-9A1E7A4F7556}") = "BambooCore", "src\apps-morejee\BambooCore\BambooCore.csproj", "{2ECFB6E6-7EC2-493E-B19D-F867E5CC05D3}"
EndProject
Project("{2150E333-8FDC-42A3-9474-1A3956D46DE8}") = "Apps-OMS", "Apps-OMS", "{4639988E-18FD-4229-B81E-9E743F88CDA4}"
EndProject
Project("{9A19103F-16F7-4668-BE54-9A1E7A4F7556}") = "Apps.OMS.Data", "src\apps-oms\Apps.OMS.Data\Apps.OMS.Data.csproj", "{4B8DF65E-1CD8-4F32-88C9-748EDEA1FFD2}"
EndProject
Project("{9A19103F-16F7-4668-BE54-9A1E7A4F7556}") = "Apps.OMS.Export", "src\apps-oms\Apps.OMS.Export\Apps.OMS.Export.csproj", "{8C2117FA-E50D-4137-A08E-EA3352847A6D}"
EndProject
Project("{9A19103F-16F7-4668-BE54-9A1E7A4F7556}") = "Apps.OMS.Service", "src\apps-oms\Apps.OMS.Service\Apps.OMS.Service.csproj", "{CB9F885E-452B-4461-94D8-FC1F188AEEBB}"
EndProject
Global
	GlobalSection(SolutionConfigurationPlatforms) = preSolution
		Cloud-Dev|Any CPU = Cloud-Dev|Any CPU
		Debug|Any CPU = Debug|Any CPU
		Release|Any CPU = Release|Any CPU
	EndGlobalSection
	GlobalSection(ProjectConfigurationPlatforms) = postSolution
		{7EFE6DF3-3795-45EB-9402-6814371BE0E0}.Cloud-Dev|Any CPU.ActiveCfg = Debug|Any CPU
		{7EFE6DF3-3795-45EB-9402-6814371BE0E0}.Cloud-Dev|Any CPU.Build.0 = Debug|Any CPU
		{7EFE6DF3-3795-45EB-9402-6814371BE0E0}.Debug|Any CPU.ActiveCfg = Debug|Any CPU
		{7EFE6DF3-3795-45EB-9402-6814371BE0E0}.Debug|Any CPU.Build.0 = Debug|Any CPU
		{7EFE6DF3-3795-45EB-9402-6814371BE0E0}.Release|Any CPU.ActiveCfg = Release|Any CPU
		{7EFE6DF3-3795-45EB-9402-6814371BE0E0}.Release|Any CPU.Build.0 = Release|Any CPU
		{E4CA1364-7D00-4C6F-8ECB-0B800FCA31DA}.Cloud-Dev|Any CPU.ActiveCfg = Cloud-Dev|Any CPU
		{E4CA1364-7D00-4C6F-8ECB-0B800FCA31DA}.Cloud-Dev|Any CPU.Build.0 = Cloud-Dev|Any CPU
		{E4CA1364-7D00-4C6F-8ECB-0B800FCA31DA}.Debug|Any CPU.ActiveCfg = Debug|Any CPU
		{E4CA1364-7D00-4C6F-8ECB-0B800FCA31DA}.Debug|Any CPU.Build.0 = Debug|Any CPU
		{E4CA1364-7D00-4C6F-8ECB-0B800FCA31DA}.Release|Any CPU.ActiveCfg = Release|Any CPU
		{E4CA1364-7D00-4C6F-8ECB-0B800FCA31DA}.Release|Any CPU.Build.0 = Release|Any CPU
		{804417C3-2774-4A48-9E89-2DA72F9F7A6C}.Cloud-Dev|Any CPU.ActiveCfg = Debug|Any CPU
		{804417C3-2774-4A48-9E89-2DA72F9F7A6C}.Cloud-Dev|Any CPU.Build.0 = Debug|Any CPU
		{804417C3-2774-4A48-9E89-2DA72F9F7A6C}.Debug|Any CPU.ActiveCfg = Debug|Any CPU
		{804417C3-2774-4A48-9E89-2DA72F9F7A6C}.Debug|Any CPU.Build.0 = Debug|Any CPU
		{804417C3-2774-4A48-9E89-2DA72F9F7A6C}.Release|Any CPU.ActiveCfg = Release|Any CPU
		{804417C3-2774-4A48-9E89-2DA72F9F7A6C}.Release|Any CPU.Build.0 = Release|Any CPU
		{A4F37939-5A6B-468D-9EF6-D255CFA0477D}.Cloud-Dev|Any CPU.ActiveCfg = Debug|Any CPU
		{A4F37939-5A6B-468D-9EF6-D255CFA0477D}.Cloud-Dev|Any CPU.Build.0 = Debug|Any CPU
		{A4F37939-5A6B-468D-9EF6-D255CFA0477D}.Debug|Any CPU.ActiveCfg = Debug|Any CPU
		{A4F37939-5A6B-468D-9EF6-D255CFA0477D}.Debug|Any CPU.Build.0 = Debug|Any CPU
		{A4F37939-5A6B-468D-9EF6-D255CFA0477D}.Release|Any CPU.ActiveCfg = Release|Any CPU
		{A4F37939-5A6B-468D-9EF6-D255CFA0477D}.Release|Any CPU.Build.0 = Release|Any CPU
		{2ECFB6E6-7EC2-493E-B19D-F867E5CC05D3}.Cloud-Dev|Any CPU.ActiveCfg = Debug|Any CPU
		{2ECFB6E6-7EC2-493E-B19D-F867E5CC05D3}.Cloud-Dev|Any CPU.Build.0 = Debug|Any CPU
		{2ECFB6E6-7EC2-493E-B19D-F867E5CC05D3}.Debug|Any CPU.ActiveCfg = Debug|Any CPU
		{2ECFB6E6-7EC2-493E-B19D-F867E5CC05D3}.Debug|Any CPU.Build.0 = Debug|Any CPU
		{2ECFB6E6-7EC2-493E-B19D-F867E5CC05D3}.Release|Any CPU.ActiveCfg = Release|Any CPU
		{2ECFB6E6-7EC2-493E-B19D-F867E5CC05D3}.Release|Any CPU.Build.0 = Release|Any CPU
		{4B8DF65E-1CD8-4F32-88C9-748EDEA1FFD2}.Cloud-Dev|Any CPU.ActiveCfg = Debug|Any CPU
		{4B8DF65E-1CD8-4F32-88C9-748EDEA1FFD2}.Cloud-Dev|Any CPU.Build.0 = Debug|Any CPU
		{4B8DF65E-1CD8-4F32-88C9-748EDEA1FFD2}.Debug|Any CPU.ActiveCfg = Debug|Any CPU
		{4B8DF65E-1CD8-4F32-88C9-748EDEA1FFD2}.Debug|Any CPU.Build.0 = Debug|Any CPU
		{4B8DF65E-1CD8-4F32-88C9-748EDEA1FFD2}.Release|Any CPU.ActiveCfg = Release|Any CPU
		{4B8DF65E-1CD8-4F32-88C9-748EDEA1FFD2}.Release|Any CPU.Build.0 = Release|Any CPU
		{8C2117FA-E50D-4137-A08E-EA3352847A6D}.Cloud-Dev|Any CPU.ActiveCfg = Debug|Any CPU
		{8C2117FA-E50D-4137-A08E-EA3352847A6D}.Cloud-Dev|Any CPU.Build.0 = Debug|Any CPU
		{8C2117FA-E50D-4137-A08E-EA3352847A6D}.Debug|Any CPU.ActiveCfg = Debug|Any CPU
		{8C2117FA-E50D-4137-A08E-EA3352847A6D}.Debug|Any CPU.Build.0 = Debug|Any CPU
		{8C2117FA-E50D-4137-A08E-EA3352847A6D}.Release|Any CPU.ActiveCfg = Release|Any CPU
		{8C2117FA-E50D-4137-A08E-EA3352847A6D}.Release|Any CPU.Build.0 = Release|Any CPU
		{CB9F885E-452B-4461-94D8-FC1F188AEEBB}.Cloud-Dev|Any CPU.ActiveCfg = Debug|Any CPU
		{CB9F885E-452B-4461-94D8-FC1F188AEEBB}.Cloud-Dev|Any CPU.Build.0 = Debug|Any CPU
		{CB9F885E-452B-4461-94D8-FC1F188AEEBB}.Debug|Any CPU.ActiveCfg = Debug|Any CPU
		{CB9F885E-452B-4461-94D8-FC1F188AEEBB}.Debug|Any CPU.Build.0 = Debug|Any CPU
		{CB9F885E-452B-4461-94D8-FC1F188AEEBB}.Release|Any CPU.ActiveCfg = Release|Any CPU
		{CB9F885E-452B-4461-94D8-FC1F188AEEBB}.Release|Any CPU.Build.0 = Release|Any CPU
	EndGlobalSection
	GlobalSection(SolutionProperties) = preSolution
		HideSolutionNode = FALSE
	EndGlobalSection
	GlobalSection(NestedProjects) = preSolution
		{7EFE6DF3-3795-45EB-9402-6814371BE0E0} = {DD81E818-B481-47F3-9872-8D000AE4D73C}
		{E4CA1364-7D00-4C6F-8ECB-0B800FCA31DA} = {404ACA85-34D1-4175-9055-F7BC105DEC23}
		{804417C3-2774-4A48-9E89-2DA72F9F7A6C} = {404ACA85-34D1-4175-9055-F7BC105DEC23}
		{A4F37939-5A6B-468D-9EF6-D255CFA0477D} = {404ACA85-34D1-4175-9055-F7BC105DEC23}
		{2ECFB6E6-7EC2-493E-B19D-F867E5CC05D3} = {404ACA85-34D1-4175-9055-F7BC105DEC23}
		{4B8DF65E-1CD8-4F32-88C9-748EDEA1FFD2} = {4639988E-18FD-4229-B81E-9E743F88CDA4}
		{8C2117FA-E50D-4137-A08E-EA3352847A6D} = {4639988E-18FD-4229-B81E-9E743F88CDA4}
		{CB9F885E-452B-4461-94D8-FC1F188AEEBB} = {4639988E-18FD-4229-B81E-9E743F88CDA4}
	EndGlobalSection
	GlobalSection(ExtensibilityGlobals) = postSolution
		SolutionGuid = {451C2771-D9DA-4F7B-862E-49733DBD8B83}
	EndGlobalSection
EndGlobal
