
Microsoft Visual Studio Solution File, Format Version 12.00
# Visual Studio Version 16
VisualStudioVersion = 16.0.29403.142
MinimumVisualStudioVersion = 10.0.40219.1
Project("{2150E333-8FDC-42A3-9474-1A3956D46DE8}") = "Apps-Comon", "Apps-Comon", "{DD81E818-B481-47F3-9872-8D000AE4D73C}"
EndProject
Project("{2150E333-8FDC-42A3-9474-1A3956D46DE8}") = "Apps-Morejee", "Apps-Morejee", "{404ACA85-34D1-4175-9055-F7BC105DEC23}"
EndProject
Project("{9A19103F-16F7-4668-BE54-9A1E7A4F7556}") = "Gateway.API", "src\apps-common\Gateway.API\Gateway.API.csproj", "{7EFE6DF3-3795-45EB-9402-6814371BE0E0}"
EndProject
Project("{9A19103F-16F7-4668-BE54-9A1E7A4F7556}") = "ApiModel", "src\apps-morejee\ApiModel\ApiModel.csproj", "{E4CA1364-7D00-4C6F-8ECB-0B800FCA31DA}"
EndProject
Project("{9A19103F-16F7-4668-BE54-9A1E7A4F7556}") = "ApiServer", "src\apps-morejee\ApiServer\ApiServer.csproj", "{804417C3-2774-4A48-9E89-2DA72F9F7A6C}"
EndProject
Project("{9A19103F-16F7-4668-BE54-9A1E7A4F7556}") = "BambooCommon", "src\apps-morejee\BambooCommon\BambooCommon.csproj", "{A4F37939-5A6B-468D-9EF6-D255CFA0477D}"
EndProject
Project("{9A19103F-16F7-4668-BE54-9A1E7A4F7556}") = "BambooCore", "src\apps-morejee\BambooCore\BambooCore.csproj", "{2ECFB6E6-7EC2-493E-B19D-F867E5CC05D3}"
EndProject
Project("{2150E333-8FDC-42A3-9474-1A3956D46DE8}") = "Apps-OMS", "Apps-OMS", "{4639988E-18FD-4229-B81E-9E743F88CDA4}"
EndProject
Project("{2150E333-8FDC-42A3-9474-1A3956D46DE8}") = "Apps-Base", "Apps-Base", "{8353487C-9167-4BD0-A4B1-CB5AAADFC355}"
EndProject
Project("{9A19103F-16F7-4668-BE54-9A1E7A4F7556}") = "Base.Domain", "src\apps-base\Base.Domain\Base.Domain.csproj", "{0A41C248-F119-42A7-8FB2-3F4E1A8DB5F7}"
EndProject
Project("{9A19103F-16F7-4668-BE54-9A1E7A4F7556}") = "Base.Infrastructure", "src\apps-base\Base.Infrastructure\Base.Infrastructure.csproj", "{216CDCCC-7E1B-487E-AB0C-3D313774D6DA}"
EndProject
Project("{9A19103F-16F7-4668-BE54-9A1E7A4F7556}") = "Base.API", "src\apps-base\Base.API\Base.API.csproj", "{80E578E0-1A5A-4A1B-A777-C062C8759AA3}"
EndProject
Project("{2150E333-8FDC-42A3-9474-1A3956D46DE8}") = "Apps-IDS", "Apps-IDS", "{1209AFFA-AE5C-49A5-847D-31E6D8B2556E}"
EndProject
Project("{9A19103F-16F7-4668-BE54-9A1E7A4F7556}") = "IDS.Domain", "src\apps-ids\IDS.Domain\IDS.Domain.csproj", "{E546524D-E006-424A-B94B-823569F8275D}"
EndProject
Project("{9A19103F-16F7-4668-BE54-9A1E7A4F7556}") = "IDS.Infrastructure", "src\apps-ids\IDS.Infrastructure\IDS.Infrastructure.csproj", "{FF339325-7DC0-4437-BE7F-80F6108E43CF}"
EndProject
Project("{9A19103F-16F7-4668-BE54-9A1E7A4F7556}") = "IDS.API", "src\apps-ids\IDS.API\IDS.API.csproj", "{8858AD69-D4ED-4A4D-9674-E30DE8B8EC90}"
EndProject
Global
	GlobalSection(SolutionConfigurationPlatforms) = preSolution
		Cloud-Dev|Any CPU = Cloud-Dev|Any CPU
		Debug|Any CPU = Debug|Any CPU
		Release|Any CPU = Release|Any CPU
	EndGlobalSection
	GlobalSection(ProjectConfigurationPlatforms) = postSolution
		{7EFE6DF3-3795-45EB-9402-6814371BE0E0}.Cloud-Dev|Any CPU.ActiveCfg = Debug|Any CPU
		{7EFE6DF3-3795-45EB-9402-6814371BE0E0}.Cloud-Dev|Any CPU.Build.0 = Debug|Any CPU
		{7EFE6DF3-3795-45EB-9402-6814371BE0E0}.Debug|Any CPU.ActiveCfg = Debug|Any CPU
		{7EFE6DF3-3795-45EB-9402-6814371BE0E0}.Debug|Any CPU.Build.0 = Debug|Any CPU
		{7EFE6DF3-3795-45EB-9402-6814371BE0E0}.Release|Any CPU.ActiveCfg = Release|Any CPU
		{7EFE6DF3-3795-45EB-9402-6814371BE0E0}.Release|Any CPU.Build.0 = Release|Any CPU
		{E4CA1364-7D00-4C6F-8ECB-0B800FCA31DA}.Cloud-Dev|Any CPU.ActiveCfg = Cloud-Dev|Any CPU
		{E4CA1364-7D00-4C6F-8ECB-0B800FCA31DA}.Cloud-Dev|Any CPU.Build.0 = Cloud-Dev|Any CPU
		{E4CA1364-7D00-4C6F-8ECB-0B800FCA31DA}.Debug|Any CPU.ActiveCfg = Debug|Any CPU
		{E4CA1364-7D00-4C6F-8ECB-0B800FCA31DA}.Debug|Any CPU.Build.0 = Debug|Any CPU
		{E4CA1364-7D00-4C6F-8ECB-0B800FCA31DA}.Release|Any CPU.ActiveCfg = Release|Any CPU
		{E4CA1364-7D00-4C6F-8ECB-0B800FCA31DA}.Release|Any CPU.Build.0 = Release|Any CPU
		{804417C3-2774-4A48-9E89-2DA72F9F7A6C}.Cloud-Dev|Any CPU.ActiveCfg = Debug|Any CPU
		{804417C3-2774-4A48-9E89-2DA72F9F7A6C}.Cloud-Dev|Any CPU.Build.0 = Debug|Any CPU
		{804417C3-2774-4A48-9E89-2DA72F9F7A6C}.Debug|Any CPU.ActiveCfg = Debug|Any CPU
		{804417C3-2774-4A48-9E89-2DA72F9F7A6C}.Debug|Any CPU.Build.0 = Debug|Any CPU
		{804417C3-2774-4A48-9E89-2DA72F9F7A6C}.Release|Any CPU.ActiveCfg = Release|Any CPU
		{804417C3-2774-4A48-9E89-2DA72F9F7A6C}.Release|Any CPU.Build.0 = Release|Any CPU
		{A4F37939-5A6B-468D-9EF6-D255CFA0477D}.Cloud-Dev|Any CPU.ActiveCfg = Debug|Any CPU
		{A4F37939-5A6B-468D-9EF6-D255CFA0477D}.Cloud-Dev|Any CPU.Build.0 = Debug|Any CPU
		{A4F37939-5A6B-468D-9EF6-D255CFA0477D}.Debug|Any CPU.ActiveCfg = Debug|Any CPU
		{A4F37939-5A6B-468D-9EF6-D255CFA0477D}.Debug|Any CPU.Build.0 = Debug|Any CPU
		{A4F37939-5A6B-468D-9EF6-D255CFA0477D}.Release|Any CPU.ActiveCfg = Release|Any CPU
		{A4F37939-5A6B-468D-9EF6-D255CFA0477D}.Release|Any CPU.Build.0 = Release|Any CPU
		{2ECFB6E6-7EC2-493E-B19D-F867E5CC05D3}.Cloud-Dev|Any CPU.ActiveCfg = Debug|Any CPU
		{2ECFB6E6-7EC2-493E-B19D-F867E5CC05D3}.Cloud-Dev|Any CPU.Build.0 = Debug|Any CPU
		{2ECFB6E6-7EC2-493E-B19D-F867E5CC05D3}.Debug|Any CPU.ActiveCfg = Debug|Any CPU
		{2ECFB6E6-7EC2-493E-B19D-F867E5CC05D3}.Debug|Any CPU.Build.0 = Debug|Any CPU
		{2ECFB6E6-7EC2-493E-B19D-F867E5CC05D3}.Release|Any CPU.ActiveCfg = Release|Any CPU
		{2ECFB6E6-7EC2-493E-B19D-F867E5CC05D3}.Release|Any CPU.Build.0 = Release|Any CPU
		{0A41C248-F119-42A7-8FB2-3F4E1A8DB5F7}.Cloud-Dev|Any CPU.ActiveCfg = Debug|Any CPU
		{0A41C248-F119-42A7-8FB2-3F4E1A8DB5F7}.Cloud-Dev|Any CPU.Build.0 = Debug|Any CPU
		{0A41C248-F119-42A7-8FB2-3F4E1A8DB5F7}.Debug|Any CPU.ActiveCfg = Debug|Any CPU
		{0A41C248-F119-42A7-8FB2-3F4E1A8DB5F7}.Debug|Any CPU.Build.0 = Debug|Any CPU
		{0A41C248-F119-42A7-8FB2-3F4E1A8DB5F7}.Release|Any CPU.ActiveCfg = Release|Any CPU
		{0A41C248-F119-42A7-8FB2-3F4E1A8DB5F7}.Release|Any CPU.Build.0 = Release|Any CPU
		{216CDCCC-7E1B-487E-AB0C-3D313774D6DA}.Cloud-Dev|Any CPU.ActiveCfg = Debug|Any CPU
		{216CDCCC-7E1B-487E-AB0C-3D313774D6DA}.Cloud-Dev|Any CPU.Build.0 = Debug|Any CPU
		{216CDCCC-7E1B-487E-AB0C-3D313774D6DA}.Debug|Any CPU.ActiveCfg = Debug|Any CPU
		{216CDCCC-7E1B-487E-AB0C-3D313774D6DA}.Debug|Any CPU.Build.0 = Debug|Any CPU
		{216CDCCC-7E1B-487E-AB0C-3D313774D6DA}.Release|Any CPU.ActiveCfg = Release|Any CPU
		{216CDCCC-7E1B-487E-AB0C-3D313774D6DA}.Release|Any CPU.Build.0 = Release|Any CPU
		{80E578E0-1A5A-4A1B-A777-C062C8759AA3}.Cloud-Dev|Any CPU.ActiveCfg = Debug|Any CPU
		{80E578E0-1A5A-4A1B-A777-C062C8759AA3}.Cloud-Dev|Any CPU.Build.0 = Debug|Any CPU
		{80E578E0-1A5A-4A1B-A777-C062C8759AA3}.Debug|Any CPU.ActiveCfg = Debug|Any CPU
		{80E578E0-1A5A-4A1B-A777-C062C8759AA3}.Debug|Any CPU.Build.0 = Debug|Any CPU
		{80E578E0-1A5A-4A1B-A777-C062C8759AA3}.Release|Any CPU.ActiveCfg = Release|Any CPU
		{80E578E0-1A5A-4A1B-A777-C062C8759AA3}.Release|Any CPU.Build.0 = Release|Any CPU
		{E546524D-E006-424A-B94B-823569F8275D}.Cloud-Dev|Any CPU.ActiveCfg = Debug|Any CPU
		{E546524D-E006-424A-B94B-823569F8275D}.Cloud-Dev|Any CPU.Build.0 = Debug|Any CPU
		{E546524D-E006-424A-B94B-823569F8275D}.Debug|Any CPU.ActiveCfg = Debug|Any CPU
		{E546524D-E006-424A-B94B-823569F8275D}.Debug|Any CPU.Build.0 = Debug|Any CPU
		{E546524D-E006-424A-B94B-823569F8275D}.Release|Any CPU.ActiveCfg = Release|Any CPU
		{E546524D-E006-424A-B94B-823569F8275D}.Release|Any CPU.Build.0 = Release|Any CPU
		{FF339325-7DC0-4437-BE7F-80F6108E43CF}.Cloud-Dev|Any CPU.ActiveCfg = Debug|Any CPU
		{FF339325-7DC0-4437-BE7F-80F6108E43CF}.Cloud-Dev|Any CPU.Build.0 = Debug|Any CPU
		{FF339325-7DC0-4437-BE7F-80F6108E43CF}.Debug|Any CPU.ActiveCfg = Debug|Any CPU
		{FF339325-7DC0-4437-BE7F-80F6108E43CF}.Debug|Any CPU.Build.0 = Debug|Any CPU
		{FF339325-7DC0-4437-BE7F-80F6108E43CF}.Release|Any CPU.ActiveCfg = Release|Any CPU
		{FF339325-7DC0-4437-BE7F-80F6108E43CF}.Release|Any CPU.Build.0 = Release|Any CPU
		{8858AD69-D4ED-4A4D-9674-E30DE8B8EC90}.Cloud-Dev|Any CPU.ActiveCfg = Debug|Any CPU
		{8858AD69-D4ED-4A4D-9674-E30DE8B8EC90}.Cloud-Dev|Any CPU.Build.0 = Debug|Any CPU
		{8858AD69-D4ED-4A4D-9674-E30DE8B8EC90}.Debug|Any CPU.ActiveCfg = Debug|Any CPU
		{8858AD69-D4ED-4A4D-9674-E30DE8B8EC90}.Debug|Any CPU.Build.0 = Debug|Any CPU
		{8858AD69-D4ED-4A4D-9674-E30DE8B8EC90}.Release|Any CPU.ActiveCfg = Release|Any CPU
		{8858AD69-D4ED-4A4D-9674-E30DE8B8EC90}.Release|Any CPU.Build.0 = Release|Any CPU
	EndGlobalSection
	GlobalSection(SolutionProperties) = preSolution
		HideSolutionNode = FALSE
	EndGlobalSection
	GlobalSection(NestedProjects) = preSolution
		{7EFE6DF3-3795-45EB-9402-6814371BE0E0} = {DD81E818-B481-47F3-9872-8D000AE4D73C}
		{E4CA1364-7D00-4C6F-8ECB-0B800FCA31DA} = {404ACA85-34D1-4175-9055-F7BC105DEC23}
		{804417C3-2774-4A48-9E89-2DA72F9F7A6C} = {404ACA85-34D1-4175-9055-F7BC105DEC23}
		{A4F37939-5A6B-468D-9EF6-D255CFA0477D} = {404ACA85-34D1-4175-9055-F7BC105DEC23}
		{2ECFB6E6-7EC2-493E-B19D-F867E5CC05D3} = {404ACA85-34D1-4175-9055-F7BC105DEC23}
		{0A41C248-F119-42A7-8FB2-3F4E1A8DB5F7} = {8353487C-9167-4BD0-A4B1-CB5AAADFC355}
		{216CDCCC-7E1B-487E-AB0C-3D313774D6DA} = {8353487C-9167-4BD0-A4B1-CB5AAADFC355}
		{80E578E0-1A5A-4A1B-A777-C062C8759AA3} = {8353487C-9167-4BD0-A4B1-CB5AAADFC355}
		{E546524D-E006-424A-B94B-823569F8275D} = {1209AFFA-AE5C-49A5-847D-31E6D8B2556E}
		{FF339325-7DC0-4437-BE7F-80F6108E43CF} = {1209AFFA-AE5C-49A5-847D-31E6D8B2556E}
		{8858AD69-D4ED-4A4D-9674-E30DE8B8EC90} = {1209AFFA-AE5C-49A5-847D-31E6D8B2556E}
	EndGlobalSection
	GlobalSection(ExtensibilityGlobals) = postSolution
		SolutionGuid = {451C2771-D9DA-4F7B-862E-49733DBD8B83}
	EndGlobalSection
EndGlobal
